{
  "name": "MyPortfolio",
  "lockfileVersion": 3,
  "requires": true,
  "packages": {
    "": {
      "dependencies": {
        "tag-cloud": "^2.0.1",
        "TagCloud": "^2.5.0"
      }
    },
    "node_modules/tag-cloud": {
      "version": "2.0.1",
      "resolved": "https://registry.npmjs.org/tag-cloud/-/tag-cloud-2.0.1.tgz",
      "integrity": "sha512-ABP810G89wDV+09BkY4dQQv8SMuH7K4Mcd5NL27WAFNJsal4LHT1TESiL/Yw2VbfJMmtetceG8JTLKNNa2o3kw==",
      "engines": {
        "node": ">=16"
      }
    },
    "node_modules/TagCloud": {
      "version": "2.5.0",
      "resolved": "https://registry.npmjs.org/TagCloud/-/TagCloud-2.5.0.tgz",
      "integrity": "sha512-lMr8UCbOLOyP9iKc/lJalpNTm25rjmplbQ20ljw02tyx4ITBxDh4TRBhSpayC6QGjtRtvslUljfr2SGoPOGnXw=="
    }
  }
}
